
Microsoft Visual Studio Solution File, Format Version 12.00
# Visual Studio Version 17
VisualStudioVersion = 17.6.33829.357
MinimumVisualStudioVersion = 10.0.40219.1
Project("{FAE04EC0-301F-11D3-BF4B-00C04F79EFBC}") = "CodingTest", "CodingTest\CodingTest.csproj", "{5D837B0C-90AC-45D5-B812-E3C4728EC6E3}"
EndProject
Global
	GlobalSection(SolutionConfigurationPlatforms) = preSolution
		Debug|Any CPU = Debug|Any CPU
		Release|Any CPU = Release|Any CPU
	EndGlobalSection
	GlobalSection(ProjectConfigurationPlatforms) = postSolution
		{5D837B0C-90AC-45D5-B812-E3C4728EC6E3}.Debug|Any CPU.ActiveCfg = Debug|Any CPU
		{5D837B0C-90AC-45D5-B812-E3C4728EC6E3}.Debug|Any CPU.Build.0 = Debug|Any CPU
		{5D837B0C-90AC-45D5-B812-E3C4728EC6E3}.Release|Any CPU.ActiveCfg = Release|Any CPU
		{5D837B0C-90AC-45D5-B812-E3C4728EC6E3}.Release|Any CPU.Build.0 = Release|Any CPU
	EndGlobalSection
	GlobalSection(SolutionProperties) = preSolution
		HideSolutionNode = FALSE
	EndGlobalSection
	GlobalSection(ExtensibilityGlobals) = postSolution
		SolutionGuid = {5E0C6D92-C02A-410B-94EF-A791434F39E7}
	EndGlobalSection
EndGlobal
